
Microsoft Visual Studio Solution File, Format Version 12.00
# Visual Studio Version 17
VisualStudioVersion = 17.5.002.0
MinimumVisualStudioVersion = 10.0.40219.1
Project("{2150E333-8FDC-42A3-9474-1A3956D46DE8}") = "Semana1", "Semana1", "{2AE707F4-B5DB-4766-84B4-42AA1DE6A07D}"
EndProject
Project("{9A19103F-16F7-4668-BE54-9A1E7A4F7556}") = "dotnet", "Semana1\MeuProjeto\dotnet.csproj", "{80D756B6-F931-400F-8BC8-B9936735451E}"
EndProject
Project("{2150E333-8FDC-42A3-9474-1A3956D46DE8}") = "Semana2", "Semana2", "{6AFB45EA-CFE8-44AB-9EF2-05450511DB13}"
EndProject
Project("{FAE04EC0-301F-11D3-BF4B-00C04F79EFBC}") = "ExerciciosAula", "Semana2\ExerciciosAula\ExerciciosAula.csproj", "{EF7CF1FB-7DB9-4A5B-B488-063AE06F66EF}"
EndProject
Project("{2150E333-8FDC-42A3-9474-1A3956D46DE8}") = "Semana3", "Semana3", "{9E6DA75E-A70F-4371-8128-B5570A815D45}"
EndProject
Project("{FAE04EC0-301F-11D3-BF4B-00C04F79EFBC}") = "dotNET-P003", "Semana3\dotNET-P003\dotNET-P003.csproj", "{C3BEFB11-D8F4-47A9-B6D1-3E77453EB527}"
EndProject
Global
	GlobalSection(SolutionConfigurationPlatforms) = preSolution
		Debug|Any CPU = Debug|Any CPU
		Release|Any CPU = Release|Any CPU
	EndGlobalSection
	GlobalSection(ProjectConfigurationPlatforms) = postSolution
		{80D756B6-F931-400F-8BC8-B9936735451E}.Debug|Any CPU.ActiveCfg = Debug|Any CPU
		{80D756B6-F931-400F-8BC8-B9936735451E}.Debug|Any CPU.Build.0 = Debug|Any CPU
		{80D756B6-F931-400F-8BC8-B9936735451E}.Release|Any CPU.ActiveCfg = Release|Any CPU
		{80D756B6-F931-400F-8BC8-B9936735451E}.Release|Any CPU.Build.0 = Release|Any CPU
		{EF7CF1FB-7DB9-4A5B-B488-063AE06F66EF}.Debug|Any CPU.ActiveCfg = Debug|Any CPU
		{EF7CF1FB-7DB9-4A5B-B488-063AE06F66EF}.Debug|Any CPU.Build.0 = Debug|Any CPU
		{EF7CF1FB-7DB9-4A5B-B488-063AE06F66EF}.Release|Any CPU.ActiveCfg = Release|Any CPU
		{EF7CF1FB-7DB9-4A5B-B488-063AE06F66EF}.Release|Any CPU.Build.0 = Release|Any CPU
		{C3BEFB11-D8F4-47A9-B6D1-3E77453EB527}.Debug|Any CPU.ActiveCfg = Debug|Any CPU
		{C3BEFB11-D8F4-47A9-B6D1-3E77453EB527}.Debug|Any CPU.Build.0 = Debug|Any CPU
		{C3BEFB11-D8F4-47A9-B6D1-3E77453EB527}.Release|Any CPU.ActiveCfg = Release|Any CPU
		{C3BEFB11-D8F4-47A9-B6D1-3E77453EB527}.Release|Any CPU.Build.0 = Release|Any CPU
	EndGlobalSection
	GlobalSection(SolutionProperties) = preSolution
		HideSolutionNode = FALSE
	EndGlobalSection
	GlobalSection(NestedProjects) = preSolution
		{80D756B6-F931-400F-8BC8-B9936735451E} = {2AE707F4-B5DB-4766-84B4-42AA1DE6A07D}
		{EF7CF1FB-7DB9-4A5B-B488-063AE06F66EF} = {6AFB45EA-CFE8-44AB-9EF2-05450511DB13}
		{C3BEFB11-D8F4-47A9-B6D1-3E77453EB527} = {9E6DA75E-A70F-4371-8128-B5570A815D45}
	EndGlobalSection
	GlobalSection(ExtensibilityGlobals) = postSolution
		SolutionGuid = {FB594EF3-EFF5-4383-BE67-7AF04692B4F1}
	EndGlobalSection
EndGlobal
